{
    "php": {
        "version": "7.4"
    },
    "phpstan/extension-installer": {
        "version": "1.0.4"
    },
    "phpstan/phpstan-symfony": {
        "version": "0.12.7"
    },
    "symfony/phpunit-bridge": {
        "version": "4.3",
        "recipe": {
            "repo": "github.com/symfony/recipes",
            "branch": "master",
            "version": "4.3",
            "ref": "6d0e35f749d5f4bfe1f011762875275cd3f9874f"
        },
        "files": [
            ".env.test",
            "bin/phpunit",
            "phpunit.xml.dist",
            "tests/bootstrap.php"
        ]
    }
}
